<?xml version="1.0" encoding="utf-8"?>
<Project ToolsVersion="4.0" xmlns="http://schemas.microsoft.com/developer/msbuild/2003">
  <ItemGroup>
    <Filter Include="Source Files">
      <UniqueIdentifier>{4FC737F1-C7A5-4376-A066-2A32D752A2FF}</UniqueIdentifier>
      <Extensions>cpp;c;cc;cxx;def;odl;idl;hpj;bat;asm;asmx</Extensions>
    </Filter>
    <Filter Include="Source Files\Graphics">
      <UniqueIdentifier>{5a7ba390-0a74-4f4e-aef1-360f6682d5c1}</UniqueIdentifier>
    </Filter>
    <Filter Include="Header Files">
      <UniqueIdentifier>{93995380-89BD-4b04-88EB-625FBE52EBFB}</UniqueIdentifier>
      <Extensions>h;hpp;hxx;hm;inl;inc;xsd</Extensions>
    </Filter>
    <Filter Include="Header Files\Graphics">
      <UniqueIdentifier>{6618e410-8c83-4a10-9c1f-f9f2ebd12def}</UniqueIdentifier>
    </Filter>
    <Filter Include="Resource Files">
      <UniqueIdentifier>{67DA6AB6-F800-4c08-8B7A-83BB121AAD01}</UniqueIdentifier>
      <Extensions>rc;ico;cur;bmp;dlg;rc2;rct;bin;rgs;gif;jpg;jpeg;jpe;resx;tiff;tif;png;wav</Extensions>
    </Filter>
    <Filter Include="DEFINES">
      <UniqueIdentifier>{60b8bb5e-a6e6-42ba-9d9e-f918043b860d}</UniqueIdentifier>
    </Filter>
    <Filter Include="Header Files\Math">
      <UniqueIdentifier>{67cc1cd3-f2fa-401b-8a4d-96c8179b79f2}</UniqueIdentifier>
    </Filter>
    <Filter Include="Source Files\Math">
      <UniqueIdentifier>{052f92b0-31e7-48b5-b5d9-bcd74cc3c94e}</UniqueIdentifier>
    </Filter>
    <Filter Include="Header Files\Timer">
      <UniqueIdentifier>{3b92bc9a-559f-4afe-a024-3a98671992c8}</UniqueIdentifier>
    </Filter>
    <Filter Include="Header Files\Algo">
      <UniqueIdentifier>{d57ad10d-d478-43c1-ae6a-ce4cf2171043}</UniqueIdentifier>
    </Filter>
    <Filter Include="Source Files\Timer">
      <UniqueIdentifier>{5405af19-5fcc-4ef3-90a4-cd3e0beffb00}</UniqueIdentifier>
    </Filter>
    <Filter Include="Source Files\Algo">
      <UniqueIdentifier>{cbcf9972-7e11-42e4-8205-92ca35770541}</UniqueIdentifier>
    </Filter>
    <Filter Include="Header Files\Messager">
      <UniqueIdentifier>{63edc1fa-278d-47ab-989a-5accb03d5a6f}</UniqueIdentifier>
    </Filter>
    <Filter Include="Source Files\Messager">
      <UniqueIdentifier>{26e667ee-4bc6-4b5a-a4a7-66b04141a19f}</UniqueIdentifier>
    </Filter>
    <Filter Include="Header Files\States">
      <UniqueIdentifier>{7102306d-e2ed-485e-bf63-937f821b7358}</UniqueIdentifier>
    </Filter>
    <Filter Include="Source Files\States">
      <UniqueIdentifier>{7a46d792-a11e-4956-b590-a9366f484a07}</UniqueIdentifier>
    </Filter>
  </ItemGroup>
  <ItemGroup>
    <ClCompile Include="MyGameWorld.cpp">
      <Filter>Source Files</Filter>
    </ClCompile>
    <ClCompile Include="Graphics\Avatar.cpp">
      <Filter>Source Files\Graphics</Filter>
    </ClCompile>
    <ClCompile Include="Graphics\d3dApp.cpp">
      <Filter>Source Files\Graphics</Filter>
    </ClCompile>
    <ClCompile Include="Graphics\d3dUtil.cpp">
      <Filter>Source Files\Graphics</Filter>
    </ClCompile>
    <ClCompile Include="Graphics\DirectInput.cpp">
      <Filter>Source Files\Graphics</Filter>
    </ClCompile>
    <ClCompile Include="Graphics\DXCamera.cpp">
      <Filter>Source Files\Graphics</Filter>
    </ClCompile>
    <ClCompile Include="Graphics\DXMain.cpp">
      <Filter>Source Files\Graphics</Filter>
    </ClCompile>
    <ClCompile Include="Graphics\DXProjection.cpp">
      <Filter>Source Files\Graphics</Filter>
    </ClCompile>
    <ClCompile Include="Graphics\GameWorld.cpp">
      <Filter>Source Files\Graphics</Filter>
    </ClCompile>
    <ClCompile Include="Graphics\gspOut.cpp">
      <Filter>Source Files\Graphics</Filter>
    </ClCompile>
    <ClCompile Include="Graphics\Vertex.cpp">
      <Filter>Source Files\Graphics</Filter>
    </ClCompile>
    <ClCompile Include="Math\Vector3.cpp">
      <Filter>Source Files\Math</Filter>
    </ClCompile>
    <ClCompile Include="Timer\Timer.cpp">
      <Filter>Source Files\Timer</Filter>
    </ClCompile>
    <ClCompile Include="ObjectManager.cpp">
      <Filter>Source Files</Filter>
    </ClCompile>
    <ClCompile Include="ObjectBase.cpp">
      <Filter>Source Files</Filter>
    </ClCompile>
    <ClCompile Include="Messager\Messager.cpp">
      <Filter>Source Files\Messager</Filter>
    </ClCompile>
    <ClCompile Include="States\ObjCreate.cpp">
      <Filter>Source Files\States</Filter>
    </ClCompile>
    <ClCompile Include="States\ObjPath.cpp">
      <Filter>Source Files\States</Filter>
    </ClCompile>
    <ClCompile Include="States\ObjKill.cpp">
      <Filter>Source Files\States</Filter>
    </ClCompile>
    <ClCompile Include="Algo\Node.cpp">
      <Filter>Source Files\Algo</Filter>
    </ClCompile>
    <ClCompile Include="Algo\Edge.cpp">
      <Filter>Source Files\Algo</Filter>
    </ClCompile>
    <ClCompile Include="Algo\Graph.cpp">
      <Filter>Source Files\Algo</Filter>
    </ClCompile>
    <ClCompile Include="Algo\AStar.cpp">
      <Filter>Source Files\Algo</Filter>
    </ClCompile>
    <ClCompile Include="Object.cpp">
      <Filter>Source Files</Filter>
    </ClCompile>
  </ItemGroup>
  <ItemGroup>
    <ClInclude Include="MyGameWorld.h">
      <Filter>Header Files</Filter>
    </ClInclude>
    <ClInclude Include="Graphics\Avatar.h">
      <Filter>Header Files\Graphics</Filter>
    </ClInclude>
    <ClInclude Include="Graphics\d3dApp.h">
      <Filter>Header Files\Graphics</Filter>
    </ClInclude>
    <ClInclude Include="Graphics\d3dUtil.h">
      <Filter>Header Files\Graphics</Filter>
    </ClInclude>
    <ClInclude Include="Graphics\DirectInput.h">
      <Filter>Header Files\Graphics</Filter>
    </ClInclude>
    <ClInclude Include="Graphics\DXCamera.h">
      <Filter>Header Files\Graphics</Filter>
    </ClInclude>
    <ClInclude Include="Graphics\DXProjection.h">
      <Filter>Header Files\Graphics</Filter>
    </ClInclude>
    <ClInclude Include="Graphics\GameWorld.h">
      <Filter>Header Files\Graphics</Filter>
    </ClInclude>
    <ClInclude Include="Graphics\gspOut.h">
      <Filter>Header Files\Graphics</Filter>
    </ClInclude>
    <ClInclude Include="Graphics\Vertex.h">
      <Filter>Header Files\Graphics</Filter>
    </ClInclude>
    <ClInclude Include="ColorDefines.h">
      <Filter>DEFINES</Filter>
    </ClInclude>
    <ClInclude Include="Global.h">
      <Filter>Header Files</Filter>
    </ClInclude>
    <ClInclude Include="Math\Vector3.h">
      <Filter>Header Files\Math</Filter>
    </ClInclude>
    <ClInclude Include="Timer\Timer.h">
      <Filter>Header Files\Timer</Filter>
    </ClInclude>
    <ClInclude Include="ObjectManager.h">
      <Filter>Header Files</Filter>
    </ClInclude>
    <ClInclude Include="Messager\Telegram.h">
      <Filter>Header Files\Messager</Filter>
    </ClInclude>
    <ClInclude Include="ObjectBase.h">
      <Filter>Header Files</Filter>
    </ClInclude>
    <ClInclude Include="Messager\Messager.h">
      <Filter>Header Files\Messager</Filter>
    </ClInclude>
    <ClInclude Include="States\State.h">
      <Filter>Header Files\States</Filter>
    </ClInclude>
    <ClInclude Include="States\StateMachine.h">
      <Filter>Header Files\States</Filter>
    </ClInclude>
    <ClInclude Include="States\ObjCreate.h">
      <Filter>Header Files\States</Filter>
    </ClInclude>
    <ClInclude Include="States\ObjPath.h">
      <Filter>Header Files\States</Filter>
    </ClInclude>
    <ClInclude Include="States\ObjKill.h">
      <Filter>Header Files\States</Filter>
    </ClInclude>
    <ClInclude Include="Algo\AStar.h">
      <Filter>Header Files\Algo</Filter>
    </ClInclude>
    <ClInclude Include="Algo\Edge.h">
      <Filter>Header Files\Algo</Filter>
    </ClInclude>
    <ClInclude Include="Algo\Node.h">
      <Filter>Header Files\Algo</Filter>
    </ClInclude>
    <ClInclude Include="Algo\Graph.h">
      <Filter>Header Files\Algo</Filter>
    </ClInclude>
    <ClInclude Include="InstanceObject.h">
      <Filter>Header Files</Filter>
    </ClInclude>
    <ClInclude Include="Object.h">
      <Filter>Header Files</Filter>
    </ClInclude>
  </ItemGroup>
</Project>